// !$*UTF8*$!
{
	archiveVersion = 1;
	classes = {
	};
	objectVersion = 50;
	objects = {

/* Begin PBXBuildFile section */
		191F3397223AD03B00BD7813 /* CameraViewController.swift in Sources */ = {isa = PBXBuildFile; fileRef = 191F3396223AD03B00BD7813 /* CameraViewController.swift */; };
		191F3399223ADFF700BD7813 /* LandmarkViewController.swift in Sources */ = {isa = PBXBuildFile; fileRef = 191F3398223ADFF700BD7813 /* LandmarkViewController.swift */; };
		193651842217710C000F54F8 /* SideMenuTableViewCell.swift in Sources */ = {isa = PBXBuildFile; fileRef = 193651832217710C000F54F8 /* SideMenuTableViewCell.swift */; };
		194024FD222B1816004FB30B /* FBSDKCoreKit.framework in Frameworks */ = {isa = PBXBuildFile; fileRef = 194024FC222B1816004FB30B /* FBSDKCoreKit.framework */; };
		194024FF222B1816004FB30B /* FBSDKLoginKit.framework in Frameworks */ = {isa = PBXBuildFile; fileRef = 194024FE222B1816004FB30B /* FBSDKLoginKit.framework */; };
		19402501222B1A60004FB30B /* FacebookLoginButton.swift in Sources */ = {isa = PBXBuildFile; fileRef = 19402500222B1A60004FB30B /* FacebookLoginButton.swift */; };
		19402507222B1CD1004FB30B /* User.swift in Sources */ = {isa = PBXBuildFile; fileRef = 19402506222B1CD1004FB30B /* User.swift */; };
		19402509222DAEE8004FB30B /* SideMenuTableViewController.swift in Sources */ = {isa = PBXBuildFile; fileRef = 19402508222DAEE8004FB30B /* SideMenuTableViewController.swift */; };
		1940250B222DB3D0004FB30B /* UserProfileViewController.swift in Sources */ = {isa = PBXBuildFile; fileRef = 1940250A222DB3D0004FB30B /* UserProfileViewController.swift */; };
		1940250D222DB8D1004FB30B /* FacebookAPIManger.swift in Sources */ = {isa = PBXBuildFile; fileRef = 1940250C222DB8D1004FB30B /* FacebookAPIManger.swift */; };
		19402511222DCC0F004FB30B /* Login.storyboard in Resources */ = {isa = PBXBuildFile; fileRef = 19402510222DCC0F004FB30B /* Login.storyboard */; };
		19402513222DCC70004FB30B /* StartViewController.swift in Sources */ = {isa = PBXBuildFile; fileRef = 19402512222DCC70004FB30B /* StartViewController.swift */; };
		19402515222DCC7D004FB30B /* SignUpViewController.swift in Sources */ = {isa = PBXBuildFile; fileRef = 19402514222DCC7D004FB30B /* SignUpViewController.swift */; };
		1950621B224007EB000A97C3 /* Yelp.swift in Sources */ = {isa = PBXBuildFile; fileRef = 1950621A224007EB000A97C3 /* Yelp.swift */; };
		1950621F22400F9C000A97C3 /* YelpAPI.swift in Sources */ = {isa = PBXBuildFile; fileRef = 1950621E22400F9C000A97C3 /* YelpAPI.swift */; };
		1950628B22414D0F000A97C3 /* Travel-Demo.xcdatamodeld in Sources */ = {isa = PBXBuildFile; fileRef = 1950628922414D0F000A97C3 /* Travel-Demo.xcdatamodeld */; };
		1950628D2242BC6A000A97C3 /* CoreDataHelper.swift in Sources */ = {isa = PBXBuildFile; fileRef = 1950628C2242BC6A000A97C3 /* CoreDataHelper.swift */; };
		195062952242FBE4000A97C3 /* Travel_DemoTests.swift in Sources */ = {isa = PBXBuildFile; fileRef = 195062942242FBE4000A97C3 /* Travel_DemoTests.swift */; };
		195062A02242FD80000A97C3 /* GlobalTabBarController.swift in Sources */ = {isa = PBXBuildFile; fileRef = 1950629F2242FD80000A97C3 /* GlobalTabBarController.swift */; };
		195062A422441A72000A97C3 /* UserContoroller.swift in Sources */ = {isa = PBXBuildFile; fileRef = 195062A322441A72000A97C3 /* UserContoroller.swift */; };
		195F5BD2222B10FA001CF201 /* LoginViewController.swift in Sources */ = {isa = PBXBuildFile; fileRef = 195F5BD1222B10FA001CF201 /* LoginViewController.swift */; };
		1977E10D220AA0DB00770F79 /* AppDelegate.swift in Sources */ = {isa = PBXBuildFile; fileRef = 1977E10C220AA0DB00770F79 /* AppDelegate.swift */; };
		1977E10F220AA0DB00770F79 /* MapViewController.swift in Sources */ = {isa = PBXBuildFile; fileRef = 1977E10E220AA0DB00770F79 /* MapViewController.swift */; };
		1977E112220AA0DB00770F79 /* Main.storyboard in Resources */ = {isa = PBXBuildFile; fileRef = 1977E110220AA0DB00770F79 /* Main.storyboard */; };
		1977E114220AA0DC00770F79 /* Assets.xcassets in Resources */ = {isa = PBXBuildFile; fileRef = 1977E113220AA0DC00770F79 /* Assets.xcassets */; };
		1977E117220AA0DC00770F79 /* LaunchScreen.storyboard in Resources */ = {isa = PBXBuildFile; fileRef = 1977E115220AA0DC00770F79 /* LaunchScreen.storyboard */; };
		1977E122220AAAA500770F79 /* Landmark.swift in Sources */ = {isa = PBXBuildFile; fileRef = 1977E121220AAAA500770F79 /* Landmark.swift */; };
		1977E124220AB5D300770F79 /* LandmarkAnnotationView.swift in Sources */ = {isa = PBXBuildFile; fileRef = 1977E123220AB5D300770F79 /* LandmarkAnnotationView.swift */; };
		1977E128220ACB9C00770F79 /* LocInfo.json in Resources */ = {isa = PBXBuildFile; fileRef = 1977E127220ACB9C00770F79 /* LocInfo.json */; };
		1977E12B220ACDD700770F79 /* PersistencyManager.swift in Sources */ = {isa = PBXBuildFile; fileRef = 1977E12A220ACDD700770F79 /* PersistencyManager.swift */; };
		1977E12D220AD02600770F79 /* LibraryAPI.swift in Sources */ = {isa = PBXBuildFile; fileRef = 1977E12C220AD02600770F79 /* LibraryAPI.swift */; };
		197ABC41221629DC00A7E875 /* ImageService.swift in Sources */ = {isa = PBXBuildFile; fileRef = 197ABC40221629DC00A7E875 /* ImageService.swift */; };
		197C014C2246EB4600FBF481 /* ToVisitTableViewController.swift in Sources */ = {isa = PBXBuildFile; fileRef = 197C014B2246EB4600FBF481 /* ToVisitTableViewController.swift */; };
		197C015822498F0F00FBF481 /* UserStatsCollectionViewController.swift in Sources */ = {isa = PBXBuildFile; fileRef = 197C015722498F0F00FBF481 /* UserStatsCollectionViewController.swift */; };
		197C015A2249917B00FBF481 /* StatsCell.swift in Sources */ = {isa = PBXBuildFile; fileRef = 197C01592249917B00FBF481 /* StatsCell.swift */; };
		197C015C224AC54100FBF481 /* UserLocation.swift in Sources */ = {isa = PBXBuildFile; fileRef = 197C015B224AC54100FBF481 /* UserLocation.swift */; };
		197C015E224ACB0200FBF481 /* TestLocation.swift in Sources */ = {isa = PBXBuildFile; fileRef = 197C015D224ACB0200FBF481 /* TestLocation.swift */; };
		197C0160224B214E00FBF481 /* UserProperties.plist in Resources */ = {isa = PBXBuildFile; fileRef = 197C015F224B214E00FBF481 /* UserProperties.plist */; };
		197C0162224B277C00FBF481 /* StateController.swift in Sources */ = {isa = PBXBuildFile; fileRef = 197C0161224B277C00FBF481 /* StateController.swift */; };
		197C0169224D4A4800FBF481 /* LandmarkDataSource.swift in Sources */ = {isa = PBXBuildFile; fileRef = 197C0168224D4A4800FBF481 /* LandmarkDataSource.swift */; };
		197C016D224D4D0700FBF481 /* LandmarkListViewController.swift in Sources */ = {isa = PBXBuildFile; fileRef = 197C016C224D4D0700FBF481 /* LandmarkListViewController.swift */; };
		197C016F224D6CE200FBF481 /* ReusableIdentifier.swift in Sources */ = {isa = PBXBuildFile; fileRef = 197C016E224D6CE200FBF481 /* ReusableIdentifier.swift */; };
		197C0171224D6D6300FBF481 /* ConfigurableCell.swift in Sources */ = {isa = PBXBuildFile; fileRef = 197C0170224D6D6300FBF481 /* ConfigurableCell.swift */; };
		197C0173224D75F100FBF481 /* ToVisitViewController.swift in Sources */ = {isa = PBXBuildFile; fileRef = 197C0172224D75F100FBF481 /* ToVisitViewController.swift */; };
		197C0175224D830600FBF481 /* LocationSingleton.swift in Sources */ = {isa = PBXBuildFile; fileRef = 197C0174224D830600FBF481 /* LocationSingleton.swift */; };
		197C0177224DAEC000FBF481 /* ReviewSiteCell.swift in Sources */ = {isa = PBXBuildFile; fileRef = 197C0176224DAEC000FBF481 /* ReviewSiteCell.swift */; };
		197C0179224DB17D00FBF481 /* ReviewSiteDataSource.swift in Sources */ = {isa = PBXBuildFile; fileRef = 197C0178224DB17D00FBF481 /* ReviewSiteDataSource.swift */; };
		19DB16FC22446C62008A15DD /* SplashViewController.swift in Sources */ = {isa = PBXBuildFile; fileRef = 19DB16FB22446C62008A15DD /* SplashViewController.swift */; };
		19DB16FE22446E11008A15DD /* MyColors.swift in Sources */ = {isa = PBXBuildFile; fileRef = 19DB16FD22446E11008A15DD /* MyColors.swift */; };
		19E47C81223B3AAE00744CC2 /* UserDefaultsExt.swift in Sources */ = {isa = PBXBuildFile; fileRef = 19E47C80223B3AAE00744CC2 /* UserDefaultsExt.swift */; };
		19E47C83223B3E1D00744CC2 /* Constants.swift in Sources */ = {isa = PBXBuildFile; fileRef = 19E47C82223B3E1D00744CC2 /* Constants.swift */; };
		19F1307122306A810022186A /* DiscoverMenuTableViewController.swift in Sources */ = {isa = PBXBuildFile; fileRef = 19F1307022306A810022186A /* DiscoverMenuTableViewController.swift */; };
		19F1307322306A930022186A /* DiscoverMenuTableViewCell.swift in Sources */ = {isa = PBXBuildFile; fileRef = 19F1307222306A930022186A /* DiscoverMenuTableViewCell.swift */; };
		19F13075223087820022186A /* LandmarkCell.swift in Sources */ = {isa = PBXBuildFile; fileRef = 19F13074223087820022186A /* LandmarkCell.swift */; };
		19F1307C223088DE0022186A /* SymbolKey in Resources */ = {isa = PBXBuildFile; fileRef = 19F1307B223088DE0022186A /* SymbolKey */; };
		19F8B190222DD2E300B13787 /* TestViewController.swift in Sources */ = {isa = PBXBuildFile; fileRef = 19F8B18F222DD2E300B13787 /* TestViewController.swift */; };
		19F8B192222DD7EE00B13787 /* GoogleService-Info.plist in Resources */ = {isa = PBXBuildFile; fileRef = 19F8B191222DD7EE00B13787 /* GoogleService-Info.plist */; };
		46A22F48092D822A80A4EF6E /* Pods_Travel_Demo.framework in Frameworks */ = {isa = PBXBuildFile; fileRef = ABDF3CB73378798DAFBEB6EE /* Pods_Travel_Demo.framework */; };
/* End PBXBuildFile section */

/* Begin PBXContainerItemProxy section */
		195062972242FBE4000A97C3 /* PBXContainerItemProxy */ = {
			isa = PBXContainerItemProxy;
			containerPortal = 1977E101220AA0DB00770F79 /* Project object */;
			proxyType = 1;
			remoteGlobalIDString = 1977E108220AA0DB00770F79;
			remoteInfo = "Travel Demo";
		};
/* End PBXContainerItemProxy section */

/* Begin PBXFileReference section */
		191F3396223AD03B00BD7813 /* CameraViewController.swift */ = {isa = PBXFileReference; lastKnownFileType = sourcecode.swift; path = CameraViewController.swift; sourceTree = "<group>"; };
		191F3398223ADFF700BD7813 /* LandmarkViewController.swift */ = {isa = PBXFileReference; lastKnownFileType = sourcecode.swift; path = LandmarkViewController.swift; sourceTree = "<group>"; };
		193651832217710C000F54F8 /* SideMenuTableViewCell.swift */ = {isa = PBXFileReference; lastKnownFileType = sourcecode.swift; path = SideMenuTableViewCell.swift; sourceTree = "<group>"; };
		194024FC222B1816004FB30B /* FBSDKCoreKit.framework */ = {isa = PBXFileReference; explicitFileType = wrapper.framework; path = FBSDKCoreKit.framework; sourceTree = BUILT_PRODUCTS_DIR; };
		194024FE222B1816004FB30B /* FBSDKLoginKit.framework */ = {isa = PBXFileReference; explicitFileType = wrapper.framework; path = FBSDKLoginKit.framework; sourceTree = BUILT_PRODUCTS_DIR; };
		19402500222B1A60004FB30B /* FacebookLoginButton.swift */ = {isa = PBXFileReference; lastKnownFileType = sourcecode.swift; path = FacebookLoginButton.swift; sourceTree = "<group>"; };
		19402506222B1CD1004FB30B /* User.swift */ = {isa = PBXFileReference; lastKnownFileType = sourcecode.swift; path = User.swift; sourceTree = "<group>"; };
		19402508222DAEE8004FB30B /* SideMenuTableViewController.swift */ = {isa = PBXFileReference; lastKnownFileType = sourcecode.swift; path = SideMenuTableViewController.swift; sourceTree = "<group>"; };
		1940250A222DB3D0004FB30B /* UserProfileViewController.swift */ = {isa = PBXFileReference; lastKnownFileType = sourcecode.swift; path = UserProfileViewController.swift; sourceTree = "<group>"; };
		1940250C222DB8D1004FB30B /* FacebookAPIManger.swift */ = {isa = PBXFileReference; fileEncoding = 4; lastKnownFileType = sourcecode.swift; path = FacebookAPIManger.swift; sourceTree = "<group>"; };
		19402510222DCC0F004FB30B /* Login.storyboard */ = {isa = PBXFileReference; lastKnownFileType = file.storyboard; name = Login.storyboard; path = "Travel Demo/Login.storyboard"; sourceTree = SOURCE_ROOT; };
		19402512222DCC70004FB30B /* StartViewController.swift */ = {isa = PBXFileReference; lastKnownFileType = sourcecode.swift; path = StartViewController.swift; sourceTree = "<group>"; };
		19402514222DCC7D004FB30B /* SignUpViewController.swift */ = {isa = PBXFileReference; lastKnownFileType = sourcecode.swift; path = SignUpViewController.swift; sourceTree = "<group>"; };
		1950621A224007EB000A97C3 /* Yelp.swift */ = {isa = PBXFileReference; lastKnownFileType = sourcecode.swift; path = Yelp.swift; sourceTree = "<group>"; };
		1950621E22400F9C000A97C3 /* YelpAPI.swift */ = {isa = PBXFileReference; lastKnownFileType = sourcecode.swift; path = YelpAPI.swift; sourceTree = "<group>"; };
		1950628A22414D0F000A97C3 /* Travel Demo.xcdatamodel */ = {isa = PBXFileReference; lastKnownFileType = wrapper.xcdatamodel; path = "Travel Demo.xcdatamodel"; sourceTree = "<group>"; };
		1950628C2242BC6A000A97C3 /* CoreDataHelper.swift */ = {isa = PBXFileReference; lastKnownFileType = sourcecode.swift; path = CoreDataHelper.swift; sourceTree = "<group>"; };
		195062922242FBE4000A97C3 /* Travel DemoTests.xctest */ = {isa = PBXFileReference; explicitFileType = wrapper.cfbundle; includeInIndex = 0; path = "Travel DemoTests.xctest"; sourceTree = BUILT_PRODUCTS_DIR; };
		195062942242FBE4000A97C3 /* Travel_DemoTests.swift */ = {isa = PBXFileReference; lastKnownFileType = sourcecode.swift; path = Travel_DemoTests.swift; sourceTree = "<group>"; };
		195062962242FBE4000A97C3 /* Info.plist */ = {isa = PBXFileReference; lastKnownFileType = text.plist.xml; path = Info.plist; sourceTree = "<group>"; };
		1950629F2242FD80000A97C3 /* GlobalTabBarController.swift */ = {isa = PBXFileReference; lastKnownFileType = sourcecode.swift; path = GlobalTabBarController.swift; sourceTree = "<group>"; };
		195062A322441A72000A97C3 /* UserContoroller.swift */ = {isa = PBXFileReference; lastKnownFileType = sourcecode.swift; path = UserContoroller.swift; sourceTree = "<group>"; };
		195F5BD1222B10FA001CF201 /* LoginViewController.swift */ = {isa = PBXFileReference; lastKnownFileType = sourcecode.swift; path = LoginViewController.swift; sourceTree = "<group>"; };
		1977E109220AA0DB00770F79 /* Travel Demo.app */ = {isa = PBXFileReference; explicitFileType = wrapper.application; includeInIndex = 0; path = "Travel Demo.app"; sourceTree = BUILT_PRODUCTS_DIR; };
		1977E10C220AA0DB00770F79 /* AppDelegate.swift */ = {isa = PBXFileReference; lastKnownFileType = sourcecode.swift; path = AppDelegate.swift; sourceTree = "<group>"; };
		1977E10E220AA0DB00770F79 /* MapViewController.swift */ = {isa = PBXFileReference; lastKnownFileType = sourcecode.swift; path = MapViewController.swift; sourceTree = "<group>"; };
		1977E111220AA0DB00770F79 /* Base */ = {isa = PBXFileReference; lastKnownFileType = file.storyboard; name = Base; path = Base.lproj/Main.storyboard; sourceTree = "<group>"; };
		1977E113220AA0DC00770F79 /* Assets.xcassets */ = {isa = PBXFileReference; lastKnownFileType = folder.assetcatalog; path = Assets.xcassets; sourceTree = "<group>"; };
		1977E116220AA0DC00770F79 /* Base */ = {isa = PBXFileReference; lastKnownFileType = file.storyboard; name = Base; path = Base.lproj/LaunchScreen.storyboard; sourceTree = "<group>"; };
		1977E118220AA0DC00770F79 /* Info.plist */ = {isa = PBXFileReference; lastKnownFileType = text.plist.xml; path = Info.plist; sourceTree = "<group>"; };
		1977E121220AAAA500770F79 /* Landmark.swift */ = {isa = PBXFileReference; lastKnownFileType = sourcecode.swift; path = Landmark.swift; sourceTree = "<group>"; };
		1977E123220AB5D300770F79 /* LandmarkAnnotationView.swift */ = {isa = PBXFileReference; lastKnownFileType = sourcecode.swift; path = LandmarkAnnotationView.swift; sourceTree = "<group>"; };
		1977E127220ACB9C00770F79 /* LocInfo.json */ = {isa = PBXFileReference; fileEncoding = 4; lastKnownFileType = text.json; path = LocInfo.json; sourceTree = "<group>"; };
		1977E12A220ACDD700770F79 /* PersistencyManager.swift */ = {isa = PBXFileReference; lastKnownFileType = sourcecode.swift; path = PersistencyManager.swift; sourceTree = "<group>"; };
		1977E12C220AD02600770F79 /* LibraryAPI.swift */ = {isa = PBXFileReference; lastKnownFileType = sourcecode.swift; path = LibraryAPI.swift; sourceTree = "<group>"; };
		197ABC40221629DC00A7E875 /* ImageService.swift */ = {isa = PBXFileReference; lastKnownFileType = sourcecode.swift; path = ImageService.swift; sourceTree = "<group>"; };
		197C014B2246EB4600FBF481 /* ToVisitTableViewController.swift */ = {isa = PBXFileReference; lastKnownFileType = sourcecode.swift; path = ToVisitTableViewController.swift; sourceTree = "<group>"; };
		197C015722498F0F00FBF481 /* UserStatsCollectionViewController.swift */ = {isa = PBXFileReference; lastKnownFileType = sourcecode.swift; path = UserStatsCollectionViewController.swift; sourceTree = "<group>"; };
		197C01592249917B00FBF481 /* StatsCell.swift */ = {isa = PBXFileReference; lastKnownFileType = sourcecode.swift; path = StatsCell.swift; sourceTree = "<group>"; };
		197C015B224AC54100FBF481 /* UserLocation.swift */ = {isa = PBXFileReference; lastKnownFileType = sourcecode.swift; path = UserLocation.swift; sourceTree = "<group>"; };
		197C015D224ACB0200FBF481 /* TestLocation.swift */ = {isa = PBXFileReference; lastKnownFileType = sourcecode.swift; path = TestLocation.swift; sourceTree = "<group>"; };
		197C015F224B214E00FBF481 /* UserProperties.plist */ = {isa = PBXFileReference; lastKnownFileType = text.plist.xml; path = UserProperties.plist; sourceTree = "<group>"; };
		197C0161224B277C00FBF481 /* StateController.swift */ = {isa = PBXFileReference; lastKnownFileType = sourcecode.swift; path = StateController.swift; sourceTree = "<group>"; };
		197C0168224D4A4800FBF481 /* LandmarkDataSource.swift */ = {isa = PBXFileReference; lastKnownFileType = sourcecode.swift; path = LandmarkDataSource.swift; sourceTree = "<group>"; };
		197C016C224D4D0700FBF481 /* LandmarkListViewController.swift */ = {isa = PBXFileReference; lastKnownFileType = sourcecode.swift; path = LandmarkListViewController.swift; sourceTree = "<group>"; };
		197C016E224D6CE200FBF481 /* ReusableIdentifier.swift */ = {isa = PBXFileReference; lastKnownFileType = sourcecode.swift; path = ReusableIdentifier.swift; sourceTree = "<group>"; };
		197C0170224D6D6300FBF481 /* ConfigurableCell.swift */ = {isa = PBXFileReference; lastKnownFileType = sourcecode.swift; path = ConfigurableCell.swift; sourceTree = "<group>"; };
		197C0172224D75F100FBF481 /* ToVisitViewController.swift */ = {isa = PBXFileReference; lastKnownFileType = sourcecode.swift; path = ToVisitViewController.swift; sourceTree = "<group>"; };
		197C0174224D830600FBF481 /* LocationSingleton.swift */ = {isa = PBXFileReference; lastKnownFileType = sourcecode.swift; path = LocationSingleton.swift; sourceTree = "<group>"; };
		197C0176224DAEC000FBF481 /* ReviewSiteCell.swift */ = {isa = PBXFileReference; lastKnownFileType = sourcecode.swift; path = ReviewSiteCell.swift; sourceTree = "<group>"; };
		197C0178224DB17D00FBF481 /* ReviewSiteDataSource.swift */ = {isa = PBXFileReference; lastKnownFileType = sourcecode.swift; path = ReviewSiteDataSource.swift; sourceTree = "<group>"; };
		19DB16FB22446C62008A15DD /* SplashViewController.swift */ = {isa = PBXFileReference; lastKnownFileType = sourcecode.swift; path = SplashViewController.swift; sourceTree = "<group>"; };
		19DB16FD22446E11008A15DD /* MyColors.swift */ = {isa = PBXFileReference; lastKnownFileType = sourcecode.swift; path = MyColors.swift; sourceTree = "<group>"; };
		19E47C80223B3AAE00744CC2 /* UserDefaultsExt.swift */ = {isa = PBXFileReference; lastKnownFileType = sourcecode.swift; path = UserDefaultsExt.swift; sourceTree = "<group>"; };
		19E47C82223B3E1D00744CC2 /* Constants.swift */ = {isa = PBXFileReference; lastKnownFileType = sourcecode.swift; path = Constants.swift; sourceTree = "<group>"; };
		19F1307022306A810022186A /* DiscoverMenuTableViewController.swift */ = {isa = PBXFileReference; lastKnownFileType = sourcecode.swift; path = DiscoverMenuTableViewController.swift; sourceTree = "<group>"; };
		19F1307222306A930022186A /* DiscoverMenuTableViewCell.swift */ = {isa = PBXFileReference; lastKnownFileType = sourcecode.swift; path = DiscoverMenuTableViewCell.swift; sourceTree = "<group>"; };
		19F13074223087820022186A /* LandmarkCell.swift */ = {isa = PBXFileReference; lastKnownFileType = sourcecode.swift; path = LandmarkCell.swift; sourceTree = "<group>"; };
		19F1307B223088DE0022186A /* SymbolKey */ = {isa = PBXFileReference; lastKnownFileType = text; path = SymbolKey; sourceTree = "<group>"; };
		19F8B18F222DD2E300B13787 /* TestViewController.swift */ = {isa = PBXFileReference; lastKnownFileType = sourcecode.swift; path = TestViewController.swift; sourceTree = "<group>"; };
		19F8B191222DD7EE00B13787 /* GoogleService-Info.plist */ = {isa = PBXFileReference; fileEncoding = 4; lastKnownFileType = text.plist.xml; path = "GoogleService-Info.plist"; sourceTree = "<group>"; };
		88931C2216620C4A26BA60D3 /* Pods-Travel Demo.debug.xcconfig */ = {isa = PBXFileReference; includeInIndex = 1; lastKnownFileType = text.xcconfig; name = "Pods-Travel Demo.debug.xcconfig"; path = "Target Support Files/Pods-Travel Demo/Pods-Travel Demo.debug.xcconfig"; sourceTree = "<group>"; };
		A4D92C15F7D965581CE38AB1 /* Pods-Travel Demo.release.xcconfig */ = {isa = PBXFileReference; includeInIndex = 1; lastKnownFileType = text.xcconfig; name = "Pods-Travel Demo.release.xcconfig"; path = "Target Support Files/Pods-Travel Demo/Pods-Travel Demo.release.xcconfig"; sourceTree = "<group>"; };
		ABDF3CB73378798DAFBEB6EE /* Pods_Travel_Demo.framework */ = {isa = PBXFileReference; explicitFileType = wrapper.framework; includeInIndex = 0; path = Pods_Travel_Demo.framework; sourceTree = BUILT_PRODUCTS_DIR; };
/* End PBXFileReference section */

/* Begin PBXFrameworksBuildPhase section */
		1950628F2242FBE4000A97C3 /* Frameworks */ = {
			isa = PBXFrameworksBuildPhase;
			buildActionMask = 2147483647;
			files = (
			);
			runOnlyForDeploymentPostprocessing = 0;
		};
		1977E106220AA0DB00770F79 /* Frameworks */ = {
			isa = PBXFrameworksBuildPhase;
			buildActionMask = 2147483647;
			files = (
				194024FD222B1816004FB30B /* FBSDKCoreKit.framework in Frameworks */,
				194024FF222B1816004FB30B /* FBSDKLoginKit.framework in Frameworks */,
				46A22F48092D822A80A4EF6E /* Pods_Travel_Demo.framework in Frameworks */,
			);
			runOnlyForDeploymentPostprocessing = 0;
		};
/* End PBXFrameworksBuildPhase section */

/* Begin PBXGroup section */
		1905EB0622373D1700EF8088 /* Extension */ = {
			isa = PBXGroup;
			children = (
				19E47C80223B3AAE00744CC2 /* UserDefaultsExt.swift */,
			);
			path = Extension;
			sourceTree = "<group>";
		};
		19365182221770F1000F54F8 /* Cells */ = {
			isa = PBXGroup;
			children = (
				193651832217710C000F54F8 /* SideMenuTableViewCell.swift */,
				19F1307222306A930022186A /* DiscoverMenuTableViewCell.swift */,
				19F13074223087820022186A /* LandmarkCell.swift */,
				197C01592249917B00FBF481 /* StatsCell.swift */,
			);
			path = Cells;
			sourceTree = "<group>";
		};
		195062932242FBE4000A97C3 /* Travel DemoTests */ = {
			isa = PBXGroup;
			children = (
				195062942242FBE4000A97C3 /* Travel_DemoTests.swift */,
				195062962242FBE4000A97C3 /* Info.plist */,
			);
			path = "Travel DemoTests";
			sourceTree = "<group>";
		};
		1950629E2242FD56000A97C3 /* TabBar */ = {
			isa = PBXGroup;
			children = (
				1950629F2242FD80000A97C3 /* GlobalTabBarController.swift */,
				197C0161224B277C00FBF481 /* StateController.swift */,
			);
			path = TabBar;
			sourceTree = "<group>";
		};
		1977E100220AA0DB00770F79 = {
			isa = PBXGroup;
			children = (
				1977E10B220AA0DB00770F79 /* Travel Demo */,
				195062932242FBE4000A97C3 /* Travel DemoTests */,
				1977E10A220AA0DB00770F79 /* Products */,
				BAF76768F368215D8E84FB7C /* Pods */,
				4C614AFE941949DE1B1FDAED /* Frameworks */,
			);
			sourceTree = "<group>";
		};
		1977E10A220AA0DB00770F79 /* Products */ = {
			isa = PBXGroup;
			children = (
				1977E109220AA0DB00770F79 /* Travel Demo.app */,
				195062922242FBE4000A97C3 /* Travel DemoTests.xctest */,
			);
			name = Products;
			sourceTree = "<group>";
		};
		1977E10B220AA0DB00770F79 /* Travel Demo */ = {
			isa = PBXGroup;
			children = (
				1905EB0622373D1700EF8088 /* Extension */,
				19F1307A223088BF0022186A /* HelperFiles */,
				19F8B191222DD7EE00B13787 /* GoogleService-Info.plist */,
				1977E129220ACDB800770F79 /* API */,
				1977E127220ACB9C00770F79 /* LocInfo.json */,
				1977E11E220AAA5D00770F79 /* Controller */,
				19365182221770F1000F54F8 /* Cells */,
				197ABC6522164DFD00A7E875 /* Login */,
				1977E11F220AAA6400770F79 /* Model */,
				1977E120220AAA6B00770F79 /* View */,
				1977E10C220AA0DB00770F79 /* AppDelegate.swift */,
				1977E110220AA0DB00770F79 /* Main.storyboard */,
				1977E115220AA0DC00770F79 /* LaunchScreen.storyboard */,
				1977E118220AA0DC00770F79 /* Info.plist */,
				1977E113220AA0DC00770F79 /* Assets.xcassets */,
				1950628922414D0F000A97C3 /* Travel-Demo.xcdatamodeld */,
				197C015F224B214E00FBF481 /* UserProperties.plist */,
			);
			path = "Travel Demo";
			sourceTree = "<group>";
		};
		1977E11E220AAA5D00770F79 /* Controller */ = {
			isa = PBXGroup;
			children = (
				197C0167224D4A3500FBF481 /* DataSource */,
				197C015622498EF200FBF481 /* Collection */,
				1950629E2242FD56000A97C3 /* TabBar */,
				19F13079223087F60022186A /* ViewControllers */,
				19F13076223087A90022186A /* TableViews */,
				197C0174224D830600FBF481 /* LocationSingleton.swift */,
			);
			path = Controller;
			sourceTree = "<group>";
		};
		1977E11F220AAA6400770F79 /* Model */ = {
			isa = PBXGroup;
			children = (
				1977E121220AAAA500770F79 /* Landmark.swift */,
				19402506222B1CD1004FB30B /* User.swift */,
				1950621A224007EB000A97C3 /* Yelp.swift */,
				197C015B224AC54100FBF481 /* UserLocation.swift */,
				197C015D224ACB0200FBF481 /* TestLocation.swift */,
			);
			path = Model;
			sourceTree = "<group>";
		};
		1977E120220AAA6B00770F79 /* View */ = {
			isa = PBXGroup;
			children = (
				1977E123220AB5D300770F79 /* LandmarkAnnotationView.swift */,
				195062A322441A72000A97C3 /* UserContoroller.swift */,
			);
			path = View;
			sourceTree = "<group>";
		};
		1977E129220ACDB800770F79 /* API */ = {
			isa = PBXGroup;
			children = (
				1940250C222DB8D1004FB30B /* FacebookAPIManger.swift */,
				1977E12A220ACDD700770F79 /* PersistencyManager.swift */,
				1977E12C220AD02600770F79 /* LibraryAPI.swift */,
				197ABC40221629DC00A7E875 /* ImageService.swift */,
				1950621E22400F9C000A97C3 /* YelpAPI.swift */,
				1950628C2242BC6A000A97C3 /* CoreDataHelper.swift */,
			);
			path = API;
			sourceTree = "<group>";
		};
		197ABC6522164DFD00A7E875 /* Login */ = {
			isa = PBXGroup;
			children = (
				195F5BD1222B10FA001CF201 /* LoginViewController.swift */,
				19402510222DCC0F004FB30B /* Login.storyboard */,
				19402500222B1A60004FB30B /* FacebookLoginButton.swift */,
				19402512222DCC70004FB30B /* StartViewController.swift */,
				19402514222DCC7D004FB30B /* SignUpViewController.swift */,
			);
			path = Login;
			sourceTree = "<group>";
		};
		197C015622498EF200FBF481 /* Collection */ = {
			isa = PBXGroup;
			children = (
				197C015722498F0F00FBF481 /* UserStatsCollectionViewController.swift */,
			);
			path = Collection;
			sourceTree = "<group>";
		};
		197C0167224D4A3500FBF481 /* DataSource */ = {
			isa = PBXGroup;
			children = (
				197C0168224D4A4800FBF481 /* LandmarkDataSource.swift */,
				197C016E224D6CE200FBF481 /* ReusableIdentifier.swift */,
				197C0170224D6D6300FBF481 /* ConfigurableCell.swift */,
				197C0176224DAEC000FBF481 /* ReviewSiteCell.swift */,
				197C0178224DB17D00FBF481 /* ReviewSiteDataSource.swift */,
			);
			path = DataSource;
			sourceTree = "<group>";
		};
		19F13076223087A90022186A /* TableViews */ = {
			isa = PBXGroup;
			children = (
				19F1307022306A810022186A /* DiscoverMenuTableViewController.swift */,
				19402508222DAEE8004FB30B /* SideMenuTableViewController.swift */,
				197C014B2246EB4600FBF481 /* ToVisitTableViewController.swift */,
			);
			path = TableViews;
			sourceTree = "<group>";
		};
		19F13079223087F60022186A /* ViewControllers */ = {
			isa = PBXGroup;
			children = (
				1977E10E220AA0DB00770F79 /* MapViewController.swift */,
				1940250A222DB3D0004FB30B /* UserProfileViewController.swift */,
				19F8B18F222DD2E300B13787 /* TestViewController.swift */,
				191F3396223AD03B00BD7813 /* CameraViewController.swift */,
				191F3398223ADFF700BD7813 /* LandmarkViewController.swift */,
				19DB16FB22446C62008A15DD /* SplashViewController.swift */,
				197C016C224D4D0700FBF481 /* LandmarkListViewController.swift */,
				197C0172224D75F100FBF481 /* ToVisitViewController.swift */,
			);
			path = ViewControllers;
			sourceTree = "<group>";
		};
		19F1307A223088BF0022186A /* HelperFiles */ = {
			isa = PBXGroup;
			children = (
				19F1307B223088DE0022186A /* SymbolKey */,
				19E47C82223B3E1D00744CC2 /* Constants.swift */,
				19DB16FD22446E11008A15DD /* MyColors.swift */,
			);
			path = HelperFiles;
			sourceTree = "<group>";
		};
		4C614AFE941949DE1B1FDAED /* Frameworks */ = {
			isa = PBXGroup;
			children = (
				194024FC222B1816004FB30B /* FBSDKCoreKit.framework */,
				194024FE222B1816004FB30B /* FBSDKLoginKit.framework */,
				ABDF3CB73378798DAFBEB6EE /* Pods_Travel_Demo.framework */,
			);
			name = Frameworks;
			sourceTree = "<group>";
		};
		BAF76768F368215D8E84FB7C /* Pods */ = {
			isa = PBXGroup;
			children = (
				88931C2216620C4A26BA60D3 /* Pods-Travel Demo.debug.xcconfig */,
				A4D92C15F7D965581CE38AB1 /* Pods-Travel Demo.release.xcconfig */,
			);
			path = Pods;
			sourceTree = "<group>";
		};
/* End PBXGroup section */

/* Begin PBXNativeTarget section */
		195062912242FBE4000A97C3 /* Travel DemoTests */ = {
			isa = PBXNativeTarget;
			buildConfigurationList = 1950629B2242FBE4000A97C3 /* Build configuration list for PBXNativeTarget "Travel DemoTests" */;
			buildPhases = (
				1950628E2242FBE4000A97C3 /* Sources */,
				1950628F2242FBE4000A97C3 /* Frameworks */,
				195062902242FBE4000A97C3 /* Resources */,
			);
			buildRules = (
			);
			dependencies = (
				195062982242FBE4000A97C3 /* PBXTargetDependency */,
			);
			name = "Travel DemoTests";
			productName = "Travel DemoTests";
			productReference = 195062922242FBE4000A97C3 /* Travel DemoTests.xctest */;
			productType = "com.apple.product-type.bundle.unit-test";
		};
		1977E108220AA0DB00770F79 /* Travel Demo */ = {
			isa = PBXNativeTarget;
			buildConfigurationList = 1977E11B220AA0DC00770F79 /* Build configuration list for PBXNativeTarget "Travel Demo" */;
			buildPhases = (
				FCC1024CD306EC05346F0E10 /* [CP] Check Pods Manifest.lock */,
				1977E105220AA0DB00770F79 /* Sources */,
				1977E106220AA0DB00770F79 /* Frameworks */,
				1977E107220AA0DB00770F79 /* Resources */,
				5DDE4F505236C770D9B234D8 /* [CP] Embed Pods Frameworks */,
			);
			buildRules = (
			);
			dependencies = (
			);
			name = "Travel Demo";
			productName = "Travel Demo";
			productReference = 1977E109220AA0DB00770F79 /* Travel Demo.app */;
			productType = "com.apple.product-type.application";
		};
/* End PBXNativeTarget section */

/* Begin PBXProject section */
		1977E101220AA0DB00770F79 /* Project object */ = {
			isa = PBXProject;
			attributes = {
				LastSwiftUpdateCheck = 1010;
				LastUpgradeCheck = 1010;
				ORGANIZATIONNAME = Groebe;
				TargetAttributes = {
					195062912242FBE4000A97C3 = {
						CreatedOnToolsVersion = 10.1;
						TestTargetID = 1977E108220AA0DB00770F79;
					};
					1977E108220AA0DB00770F79 = {
						CreatedOnToolsVersion = 10.1;
						SystemCapabilities = {
							com.apple.BackgroundModes = {
								enabled = 1;
							};
						};
					};
				};
			};
			buildConfigurationList = 1977E104220AA0DB00770F79 /* Build configuration list for PBXProject "Travel Demo" */;
			compatibilityVersion = "Xcode 9.3";
			developmentRegion = en;
			hasScannedForEncodings = 0;
			knownRegions = (
				en,
				Base,
			);
			mainGroup = 1977E100220AA0DB00770F79;
			productRefGroup = 1977E10A220AA0DB00770F79 /* Products */;
			projectDirPath = "";
			projectRoot = "";
			targets = (
				1977E108220AA0DB00770F79 /* Travel Demo */,
				195062912242FBE4000A97C3 /* Travel DemoTests */,
			);
		};
/* End PBXProject section */

/* Begin PBXResourcesBuildPhase section */
		195062902242FBE4000A97C3 /* Resources */ = {
			isa = PBXResourcesBuildPhase;
			buildActionMask = 2147483647;
			files = (
			);
			runOnlyForDeploymentPostprocessing = 0;
		};
		1977E107220AA0DB00770F79 /* Resources */ = {
			isa = PBXResourcesBuildPhase;
			buildActionMask = 2147483647;
			files = (
				1977E117220AA0DC00770F79 /* LaunchScreen.storyboard in Resources */,
				1977E114220AA0DC00770F79 /* Assets.xcassets in Resources */,
				197C0160224B214E00FBF481 /* UserProperties.plist in Resources */,
				1977E128220ACB9C00770F79 /* LocInfo.json in Resources */,
				19402511222DCC0F004FB30B /* Login.storyboard in Resources */,
				1977E112220AA0DB00770F79 /* Main.storyboard in Resources */,
				19F8B192222DD7EE00B13787 /* GoogleService-Info.plist in Resources */,
				19F1307C223088DE0022186A /* SymbolKey in Resources */,
			);
			runOnlyForDeploymentPostprocessing = 0;
		};
/* End PBXResourcesBuildPhase section */

/* Begin PBXShellScriptBuildPhase section */
		5DDE4F505236C770D9B234D8 /* [CP] Embed Pods Frameworks */ = {
			isa = PBXShellScriptBuildPhase;
			buildActionMask = 2147483647;
			files = (
			);
			inputFileListPaths = (
			);
			inputPaths = (
				"${PODS_ROOT}/Target Support Files/Pods-Travel Demo/Pods-Travel Demo-frameworks.sh",
				"${BUILT_PRODUCTS_DIR}/Alamofire/Alamofire.framework",
				"${BUILT_PRODUCTS_DIR}/AlamofireObjectMapper/AlamofireObjectMapper.framework",
				"${BUILT_PRODUCTS_DIR}/Bolts/Bolts.framework",
				"${BUILT_PRODUCTS_DIR}/CDYelpFusionKit/CDYelpFusionKit.framework",
				"${BUILT_PRODUCTS_DIR}/FBSDKCoreKit/FBSDKCoreKit.framework",
				"${BUILT_PRODUCTS_DIR}/FBSDKLoginKit/FBSDKLoginKit.framework",
				"${BUILT_PRODUCTS_DIR}/FacebookCore/FacebookCore.framework",
				"${BUILT_PRODUCTS_DIR}/FacebookLogin/FacebookLogin.framework",
				"${BUILT_PRODUCTS_DIR}/ObjectMapper/ObjectMapper.framework",
				"${BUILT_PRODUCTS_DIR}/SideMenu/SideMenu.framework",
			);
			name = "[CP] Embed Pods Frameworks";
			outputFileListPaths = (
			);
			outputPaths = (
				"${TARGET_BUILD_DIR}/${FRAMEWORKS_FOLDER_PATH}/Alamofire.framework",
				"${TARGET_BUILD_DIR}/${FRAMEWORKS_FOLDER_PATH}/AlamofireObjectMapper.framework",
				"${TARGET_BUILD_DIR}/${FRAMEWORKS_FOLDER_PATH}/Bolts.framework",
				"${TARGET_BUILD_DIR}/${FRAMEWORKS_FOLDER_PATH}/CDYelpFusionKit.framework",
				"${TARGET_BUILD_DIR}/${FRAMEWORKS_FOLDER_PATH}/FBSDKCoreKit.framework",
				"${TARGET_BUILD_DIR}/${FRAMEWORKS_FOLDER_PATH}/FBSDKLoginKit.framework",
				"${TARGET_BUILD_DIR}/${FRAMEWORKS_FOLDER_PATH}/FacebookCore.framework",
				"${TARGET_BUILD_DIR}/${FRAMEWORKS_FOLDER_PATH}/FacebookLogin.framework",
				"${TARGET_BUILD_DIR}/${FRAMEWORKS_FOLDER_PATH}/ObjectMapper.framework",
				"${TARGET_BUILD_DIR}/${FRAMEWORKS_FOLDER_PATH}/SideMenu.framework",
			);
			runOnlyForDeploymentPostprocessing = 0;
			shellPath = /bin/sh;
			shellScript = "\"${PODS_ROOT}/Target Support Files/Pods-Travel Demo/Pods-Travel Demo-frameworks.sh\"\n";
			showEnvVarsInLog = 0;
		};
		FCC1024CD306EC05346F0E10 /* [CP] Check Pods Manifest.lock */ = {
			isa = PBXShellScriptBuildPhase;
			buildActionMask = 2147483647;
			files = (
			);
			inputFileListPaths = (
			);
			inputPaths = (
				"${PODS_PODFILE_DIR_PATH}/Podfile.lock",
				"${PODS_ROOT}/Manifest.lock",
			);
			name = "[CP] Check Pods Manifest.lock";
			outputFileListPaths = (
			);
			outputPaths = (
				"$(DERIVED_FILE_DIR)/Pods-Travel Demo-checkManifestLockResult.txt",
			);
			runOnlyForDeploymentPostprocessing = 0;
			shellPath = /bin/sh;
			shellScript = "diff \"${PODS_PODFILE_DIR_PATH}/Podfile.lock\" \"${PODS_ROOT}/Manifest.lock\" > /dev/null\nif [ $? != 0 ] ; then\n    # print error to STDERR\n    echo \"error: The sandbox is not in sync with the Podfile.lock. Run 'pod install' or update your CocoaPods installation.\" >&2\n    exit 1\nfi\n# This output is used by Xcode 'outputs' to avoid re-running this script phase.\necho \"SUCCESS\" > \"${SCRIPT_OUTPUT_FILE_0}\"\n";
			showEnvVarsInLog = 0;
		};
/* End PBXShellScriptBuildPhase section */

/* Begin PBXSourcesBuildPhase section */
		1950628E2242FBE4000A97C3 /* Sources */ = {
			isa = PBXSourcesBuildPhase;
			buildActionMask = 2147483647;
			files = (
				195062952242FBE4000A97C3 /* Travel_DemoTests.swift in Sources */,
			);
			runOnlyForDeploymentPostprocessing = 0;
		};
		1977E105220AA0DB00770F79 /* Sources */ = {
			isa = PBXSourcesBuildPhase;
			buildActionMask = 2147483647;
			files = (
				197C0162224B277C00FBF481 /* StateController.swift in Sources */,
				19E47C83223B3E1D00744CC2 /* Constants.swift in Sources */,
				19E47C81223B3AAE00744CC2 /* UserDefaultsExt.swift in Sources */,
				195062A422441A72000A97C3 /* UserContoroller.swift in Sources */,
				1950628D2242BC6A000A97C3 /* CoreDataHelper.swift in Sources */,
				1977E12B220ACDD700770F79 /* PersistencyManager.swift in Sources */,
				19F1307322306A930022186A /* DiscoverMenuTableViewCell.swift in Sources */,
				191F3399223ADFF700BD7813 /* LandmarkViewController.swift in Sources */,
				197C0177224DAEC000FBF481 /* ReviewSiteCell.swift in Sources */,
				19DB16FE22446E11008A15DD /* MyColors.swift in Sources */,
				195062A02242FD80000A97C3 /* GlobalTabBarController.swift in Sources */,
				197C0171224D6D6300FBF481 /* ConfigurableCell.swift in Sources */,
				197C015822498F0F00FBF481 /* UserStatsCollectionViewController.swift in Sources */,
				197C0169224D4A4800FBF481 /* LandmarkDataSource.swift in Sources */,
				19F13075223087820022186A /* LandmarkCell.swift in Sources */,
				1977E10F220AA0DB00770F79 /* MapViewController.swift in Sources */,
				197C016F224D6CE200FBF481 /* ReusableIdentifier.swift in Sources */,
				197C015E224ACB0200FBF481 /* TestLocation.swift in Sources */,
				1977E10D220AA0DB00770F79 /* AppDelegate.swift in Sources */,
				1940250B222DB3D0004FB30B /* UserProfileViewController.swift in Sources */,
				19F8B190222DD2E300B13787 /* TestViewController.swift in Sources */,
				1977E124220AB5D300770F79 /* LandmarkAnnotationView.swift in Sources */,
				197C015C224AC54100FBF481 /* UserLocation.swift in Sources */,
				19402509222DAEE8004FB30B /* SideMenuTableViewController.swift in Sources */,
				1950621F22400F9C000A97C3 /* YelpAPI.swift in Sources */,
				197ABC41221629DC00A7E875 /* ImageService.swift in Sources */,
				1950621B224007EB000A97C3 /* Yelp.swift in Sources */,
				1950628B22414D0F000A97C3 /* Travel-Demo.xcdatamodeld in Sources */,
				197C0179224DB17D00FBF481 /* ReviewSiteDataSource.swift in Sources */,
				19402507222B1CD1004FB30B /* User.swift in Sources */,
				19DB16FC22446C62008A15DD /* SplashViewController.swift in Sources */,
				191F3397223AD03B00BD7813 /* CameraViewController.swift in Sources */,
				197C014C2246EB4600FBF481 /* ToVisitTableViewController.swift in Sources */,
				197C0173224D75F100FBF481 /* ToVisitViewController.swift in Sources */,
				19F1307122306A810022186A /* DiscoverMenuTableViewController.swift in Sources */,
				1940250D222DB8D1004FB30B /* FacebookAPIManger.swift in Sources */,
				197C0175224D830600FBF481 /* LocationSingleton.swift in Sources */,
				197C016D224D4D0700FBF481 /* LandmarkListViewController.swift in Sources */,
				1977E122220AAAA500770F79 /* Landmark.swift in Sources */,
				19402515222DCC7D004FB30B /* SignUpViewController.swift in Sources */,
				19402513222DCC70004FB30B /* StartViewController.swift in Sources */,
				193651842217710C000F54F8 /* SideMenuTableViewCell.swift in Sources */,
				19402501222B1A60004FB30B /* FacebookLoginButton.swift in Sources */,
				195F5BD2222B10FA001CF201 /* LoginViewController.swift in Sources */,
				1977E12D220AD02600770F79 /* LibraryAPI.swift in Sources */,
				197C015A2249917B00FBF481 /* StatsCell.swift in Sources */,
			);
			runOnlyForDeploymentPostprocessing = 0;
		};
/* End PBXSourcesBuildPhase section */

/* Begin PBXTargetDependency section */
		195062982242FBE4000A97C3 /* PBXTargetDependency */ = {
			isa = PBXTargetDependency;
			target = 1977E108220AA0DB00770F79 /* Travel Demo */;
			targetProxy = 195062972242FBE4000A97C3 /* PBXContainerItemProxy */;
		};
/* End PBXTargetDependency section */

/* Begin PBXVariantGroup section */
		1977E110220AA0DB00770F79 /* Main.storyboard */ = {
			isa = PBXVariantGroup;
			children = (
				1977E111220AA0DB00770F79 /* Base */,
			);
			name = Main.storyboard;
			sourceTree = "<group>";
		};
		1977E115220AA0DC00770F79 /* LaunchScreen.storyboard */ = {
			isa = PBXVariantGroup;
			children = (
				1977E116220AA0DC00770F79 /* Base */,
			);
			name = LaunchScreen.storyboard;
			sourceTree = "<group>";
		};
/* End PBXVariantGroup section */

/* Begin XCBuildConfiguration section */
		195062992242FBE4000A97C3 /* Debug */ = {
			isa = XCBuildConfiguration;
			buildSettings = {
				BUNDLE_LOADER = "$(TEST_HOST)";
				CODE_SIGN_STYLE = Automatic;
				DEVELOPMENT_TEAM = T2VS53SZ92;
				INFOPLIST_FILE = "Travel DemoTests/Info.plist";
				LD_RUNPATH_SEARCH_PATHS = (
					"$(inherited)",
					"@executable_path/Frameworks",
					"@loader_path/Frameworks",
				);
				PRODUCT_BUNDLE_IDENTIFIER = "com.groebe.SG.Travel-DemoTests";
				PRODUCT_NAME = "$(TARGET_NAME)";
				SWIFT_VERSION = 4.2;
				TARGETED_DEVICE_FAMILY = "1,2";
				TEST_HOST = "$(BUILT_PRODUCTS_DIR)/Travel Demo.app/Travel Demo";
			};
			name = Debug;
		};
		1950629A2242FBE4000A97C3 /* Release */ = {
			isa = XCBuildConfiguration;
			buildSettings = {
				BUNDLE_LOADER = "$(TEST_HOST)";
				CODE_SIGN_STYLE = Automatic;
				DEVELOPMENT_TEAM = T2VS53SZ92;
				INFOPLIST_FILE = "Travel DemoTests/Info.plist";
				LD_RUNPATH_SEARCH_PATHS = (
					"$(inherited)",
					"@executable_path/Frameworks",
					"@loader_path/Frameworks",
				);
				PRODUCT_BUNDLE_IDENTIFIER = "com.groebe.SG.Travel-DemoTests";
				PRODUCT_NAME = "$(TARGET_NAME)";
				SWIFT_VERSION = 4.2;
				TARGETED_DEVICE_FAMILY = "1,2";
				TEST_HOST = "$(BUILT_PRODUCTS_DIR)/Travel Demo.app/Travel Demo";
			};
			name = Release;
		};
		1977E119220AA0DC00770F79 /* Debug */ = {
			isa = XCBuildConfiguration;
			buildSettings = {
				ALWAYS_SEARCH_USER_PATHS = NO;
				CLANG_ANALYZER_NONNULL = YES;
				CLANG_ANALYZER_NUMBER_OBJECT_CONVERSION = YES_AGGRESSIVE;
				CLANG_CXX_LANGUAGE_STANDARD = "gnu++14";
				CLANG_CXX_LIBRARY = "libc++";
				CLANG_ENABLE_MODULES = YES;
				CLANG_ENABLE_OBJC_ARC = YES;
				CLANG_ENABLE_OBJC_WEAK = YES;
				CLANG_WARN_BLOCK_CAPTURE_AUTORELEASING = YES;
				CLANG_WARN_BOOL_CONVERSION = YES;
				CLANG_WARN_COMMA = YES;
				CLANG_WARN_CONSTANT_CONVERSION = YES;
				CLANG_WARN_DEPRECATED_OBJC_IMPLEMENTATIONS = YES;
				CLANG_WARN_DIRECT_OBJC_ISA_USAGE = YES_ERROR;
				CLANG_WARN_DOCUMENTATION_COMMENTS = YES;
				CLANG_WARN_EMPTY_BODY = YES;
				CLANG_WARN_ENUM_CONVERSION = YES;
				CLANG_WARN_INFINITE_RECURSION = YES;
				CLANG_WARN_INT_CONVERSION = YES;
				CLANG_WARN_NON_LITERAL_NULL_CONVERSION = YES;
				CLANG_WARN_OBJC_IMPLICIT_RETAIN_SELF = YES;
				CLANG_WARN_OBJC_LITERAL_CONVERSION = YES;
				CLANG_WARN_OBJC_ROOT_CLASS = YES_ERROR;
				CLANG_WARN_RANGE_LOOP_ANALYSIS = YES;
				CLANG_WARN_STRICT_PROTOTYPES = YES;
				CLANG_WARN_SUSPICIOUS_MOVE = YES;
				CLANG_WARN_UNGUARDED_AVAILABILITY = YES_AGGRESSIVE;
				CLANG_WARN_UNREACHABLE_CODE = YES;
				CLANG_WARN__DUPLICATE_METHOD_MATCH = YES;
				CODE_SIGN_IDENTITY = "iPhone Developer";
				COPY_PHASE_STRIP = NO;
				DEBUG_INFORMATION_FORMAT = dwarf;
				ENABLE_STRICT_OBJC_MSGSEND = YES;
				ENABLE_TESTABILITY = YES;
				GCC_C_LANGUAGE_STANDARD = gnu11;
				GCC_DYNAMIC_NO_PIC = NO;
				GCC_NO_COMMON_BLOCKS = YES;
				GCC_OPTIMIZATION_LEVEL = 0;
				GCC_PREPROCESSOR_DEFINITIONS = (
					"DEBUG=1",
					"$(inherited)",
				);
				GCC_WARN_64_TO_32_BIT_CONVERSION = YES;
				GCC_WARN_ABOUT_RETURN_TYPE = YES_ERROR;
				GCC_WARN_UNDECLARED_SELECTOR = YES;
				GCC_WARN_UNINITIALIZED_AUTOS = YES_AGGRESSIVE;
				GCC_WARN_UNUSED_FUNCTION = YES;
				GCC_WARN_UNUSED_VARIABLE = YES;
				IPHONEOS_DEPLOYMENT_TARGET = 12.1;
				MTL_ENABLE_DEBUG_INFO = INCLUDE_SOURCE;
				MTL_FAST_MATH = YES;
				ONLY_ACTIVE_ARCH = YES;
				OTHER_LDFLAGS = "-ObjC";
				OTHER_SWIFT_FLAGS = "-Xfrontend -warn-long-function-bodies=200 -Xfrontend -warn-long-expression-type-checking=200 -Onone";
				SDKROOT = iphoneos;
				SWIFT_ACTIVE_COMPILATION_CONDITIONS = DEBUG;
				SWIFT_OPTIMIZATION_LEVEL = "-Onone";
			};
			name = Debug;
		};
		1977E11A220AA0DC00770F79 /* Release */ = {
			isa = XCBuildConfiguration;
			buildSettings = {
				ALWAYS_SEARCH_USER_PATHS = NO;
				CLANG_ANALYZER_NONNULL = YES;
				CLANG_ANALYZER_NUMBER_OBJECT_CONVERSION = YES_AGGRESSIVE;
				CLANG_CXX_LANGUAGE_STANDARD = "gnu++14";
				CLANG_CXX_LIBRARY = "libc++";
				CLANG_ENABLE_MODULES = YES;
				CLANG_ENABLE_OBJC_ARC = YES;
				CLANG_ENABLE_OBJC_WEAK = YES;
				CLANG_WARN_BLOCK_CAPTURE_AUTORELEASING = YES;
				CLANG_WARN_BOOL_CONVERSION = YES;
				CLANG_WARN_COMMA = YES;
				CLANG_WARN_CONSTANT_CONVERSION = YES;
				CLANG_WARN_DEPRECATED_OBJC_IMPLEMENTATIONS = YES;
				CLANG_WARN_DIRECT_OBJC_ISA_USAGE = YES_ERROR;
				CLANG_WARN_DOCUMENTATION_COMMENTS = YES;
				CLANG_WARN_EMPTY_BODY = YES;
				CLANG_WARN_ENUM_CONVERSION = YES;
				CLANG_WARN_INFINITE_RECURSION = YES;
				CLANG_WARN_INT_CONVERSION = YES;
				CLANG_WARN_NON_LITERAL_NULL_CONVERSION = YES;
				CLANG_WARN_OBJC_IMPLICIT_RETAIN_SELF = YES;
				CLANG_WARN_OBJC_LITERAL_CONVERSION = YES;
				CLANG_WARN_OBJC_ROOT_CLASS = YES_ERROR;
				CLANG_WARN_RANGE_LOOP_ANALYSIS = YES;
				CLANG_WARN_STRICT_PROTOTYPES = YES;
				CLANG_WARN_SUSPICIOUS_MOVE = YES;
				CLANG_WARN_UNGUARDED_AVAILABILITY = YES_AGGRESSIVE;
				CLANG_WARN_UNREACHABLE_CODE = YES;
				CLANG_WARN__DUPLICATE_METHOD_MATCH = YES;
				CODE_SIGN_IDENTITY = "iPhone Developer";
				COPY_PHASE_STRIP = NO;
				DEBUG_INFORMATION_FORMAT = "dwarf-with-dsym";
				ENABLE_NS_ASSERTIONS = NO;
				ENABLE_STRICT_OBJC_MSGSEND = YES;
				GCC_C_LANGUAGE_STANDARD = gnu11;
				GCC_NO_COMMON_BLOCKS = YES;
				GCC_WARN_64_TO_32_BIT_CONVERSION = YES;
				GCC_WARN_ABOUT_RETURN_TYPE = YES_ERROR;
				GCC_WARN_UNDECLARED_SELECTOR = YES;
				GCC_WARN_UNINITIALIZED_AUTOS = YES_AGGRESSIVE;
				GCC_WARN_UNUSED_FUNCTION = YES;
				GCC_WARN_UNUSED_VARIABLE = YES;
				IPHONEOS_DEPLOYMENT_TARGET = 12.1;
				MTL_ENABLE_DEBUG_INFO = NO;
				MTL_FAST_MATH = YES;
				OTHER_LDFLAGS = "-ObjC";
				OTHER_SWIFT_FLAGS = "-Xfrontend -warn-long-function-bodies=100 -Xfrontend -warn-long-expression-type-checking=100\n";
				SDKROOT = iphoneos;
				SWIFT_COMPILATION_MODE = wholemodule;
				SWIFT_OPTIMIZATION_LEVEL = "-O";
				VALIDATE_PRODUCT = YES;
			};
			name = Release;
		};
		1977E11C220AA0DC00770F79 /* Debug */ = {
			isa = XCBuildConfiguration;
			baseConfigurationReference = 88931C2216620C4A26BA60D3 /* Pods-Travel Demo.debug.xcconfig */;
			buildSettings = {
				ASSETCATALOG_COMPILER_APPICON_NAME = AppIcon;
				CODE_SIGN_STYLE = Automatic;
				DEVELOPMENT_TEAM = T2VS53SZ92;
				INFOPLIST_FILE = "Travel Demo/Info.plist";
				LD_RUNPATH_SEARCH_PATHS = (
					"$(inherited)",
					"@executable_path/Frameworks",
				);
				PRODUCT_BUNDLE_IDENTIFIER = "com.groebe.SG.Travel-Demo";
				PRODUCT_NAME = "$(TARGET_NAME)";
				SWIFT_VERSION = 4.2;
				TARGETED_DEVICE_FAMILY = "1,2";
			};
			name = Debug;
		};
		1977E11D220AA0DC00770F79 /* Release */ = {
			isa = XCBuildConfiguration;
			baseConfigurationReference = A4D92C15F7D965581CE38AB1 /* Pods-Travel Demo.release.xcconfig */;
			buildSettings = {
				ASSETCATALOG_COMPILER_APPICON_NAME = AppIcon;
				CODE_SIGN_STYLE = Automatic;
				DEVELOPMENT_TEAM = T2VS53SZ92;
				INFOPLIST_FILE = "Travel Demo/Info.plist";
				LD_RUNPATH_SEARCH_PATHS = (
					"$(inherited)",
					"@executable_path/Frameworks",
				);
				PRODUCT_BUNDLE_IDENTIFIER = "com.groebe.SG.Travel-Demo";
				PRODUCT_NAME = "$(TARGET_NAME)";
				SWIFT_VERSION = 4.2;
				TARGETED_DEVICE_FAMILY = "1,2";
			};
			name = Release;
		};
/* End XCBuildConfiguration section */

/* Begin XCConfigurationList section */
		1950629B2242FBE4000A97C3 /* Build configuration list for PBXNativeTarget "Travel DemoTests" */ = {
			isa = XCConfigurationList;
			buildConfigurations = (
				195062992242FBE4000A97C3 /* Debug */,
				1950629A2242FBE4000A97C3 /* Release */,
			);
			defaultConfigurationIsVisible = 0;
			defaultConfigurationName = Release;
		};
		1977E104220AA0DB00770F79 /* Build configuration list for PBXProject "Travel Demo" */ = {
			isa = XCConfigurationList;
			buildConfigurations = (
				1977E119220AA0DC00770F79 /* Debug */,
				1977E11A220AA0DC00770F79 /* Release */,
			);
			defaultConfigurationIsVisible = 0;
			defaultConfigurationName = Release;
		};
		1977E11B220AA0DC00770F79 /* Build configuration list for PBXNativeTarget "Travel Demo" */ = {
			isa = XCConfigurationList;
			buildConfigurations = (
				1977E11C220AA0DC00770F79 /* Debug */,
				1977E11D220AA0DC00770F79 /* Release */,
			);
			defaultConfigurationIsVisible = 0;
			defaultConfigurationName = Release;
		};
/* End XCConfigurationList section */

/* Begin XCVersionGroup section */
		1950628922414D0F000A97C3 /* Travel-Demo.xcdatamodeld */ = {
			isa = XCVersionGroup;
			children = (
				1950628A22414D0F000A97C3 /* Travel Demo.xcdatamodel */,
			);
			currentVersion = 1950628A22414D0F000A97C3 /* Travel Demo.xcdatamodel */;
			path = "Travel-Demo.xcdatamodeld";
			sourceTree = "<group>";
			versionGroupType = wrapper.xcdatamodel;
		};
/* End XCVersionGroup section */
	};
	rootObject = 1977E101220AA0DB00770F79 /* Project object */;
}
